
Microsoft Visual Studio Solution File, Format Version 12.00
# Visual Studio Version 17
VisualStudioVersion = 17.7.34202.233
MinimumVisualStudioVersion = 10.0.40219.1
Project("{9A19103F-16F7-4668-BE54-9A1E7A4F7556}") = "DataAccess", "DataAccess\DataAccess.csproj", "{1B0B72E0-02D5-426C-9BA0-E6B148C271EF}"
EndProject
Project("{9A19103F-16F7-4668-BE54-9A1E7A4F7556}") = "BusinessObject", "BusinessObject\BusinessObject.csproj", "{6872A2C4-F74F-4D0E-AB88-F7AE940EC1AD}"
EndProject
Project("{FAE04EC0-301F-11D3-BF4B-00C04F79EFBC}") = "MyStoreWinApp", "MyStoreWinApp\MyStoreWinApp.csproj", "{143EE4CA-8ECF-442B-8275-25C7CFA6BEDC}"
EndProject
Global
	GlobalSection(SolutionConfigurationPlatforms) = preSolution
		Debug|Any CPU = Debug|Any CPU
		Release|Any CPU = Release|Any CPU
	EndGlobalSection
	GlobalSection(ProjectConfigurationPlatforms) = postSolution
		{1B0B72E0-02D5-426C-9BA0-E6B148C271EF}.Debug|Any CPU.ActiveCfg = Debug|Any CPU
		{1B0B72E0-02D5-426C-9BA0-E6B148C271EF}.Debug|Any CPU.Build.0 = Debug|Any CPU
		{1B0B72E0-02D5-426C-9BA0-E6B148C271EF}.Release|Any CPU.ActiveCfg = Release|Any CPU
		{1B0B72E0-02D5-426C-9BA0-E6B148C271EF}.Release|Any CPU.Build.0 = Release|Any CPU
		{6872A2C4-F74F-4D0E-AB88-F7AE940EC1AD}.Debug|Any CPU.ActiveCfg = Debug|Any CPU
		{6872A2C4-F74F-4D0E-AB88-F7AE940EC1AD}.Debug|Any CPU.Build.0 = Debug|Any CPU
		{6872A2C4-F74F-4D0E-AB88-F7AE940EC1AD}.Release|Any CPU.ActiveCfg = Release|Any CPU
		{6872A2C4-F74F-4D0E-AB88-F7AE940EC1AD}.Release|Any CPU.Build.0 = Release|Any CPU
		{143EE4CA-8ECF-442B-8275-25C7CFA6BEDC}.Debug|Any CPU.ActiveCfg = Debug|Any CPU
		{143EE4CA-8ECF-442B-8275-25C7CFA6BEDC}.Debug|Any CPU.Build.0 = Debug|Any CPU
		{143EE4CA-8ECF-442B-8275-25C7CFA6BEDC}.Release|Any CPU.ActiveCfg = Release|Any CPU
		{143EE4CA-8ECF-442B-8275-25C7CFA6BEDC}.Release|Any CPU.Build.0 = Release|Any CPU
	EndGlobalSection
	GlobalSection(SolutionProperties) = preSolution
		HideSolutionNode = FALSE
	EndGlobalSection
	GlobalSection(ExtensibilityGlobals) = postSolution
		SolutionGuid = {AE29852B-0830-46B0-9EB9-B93DFD3C64E5}
	EndGlobalSection
EndGlobal
